<?xml version="1.0" encoding="utf-8"?>
<Project ToolsVersion="4.0" xmlns="http://schemas.microsoft.com/developer/msbuild/2003">
  <ItemGroup>
    <Filter Include="Source Files">
      <UniqueIdentifier>{4FC737F1-C7A5-4376-A066-2A32D752A2FF}</UniqueIdentifier>
      <Extensions>cpp;c;cc;cxx;c++;cppm;ixx;def;odl;idl;hpj;bat;asm;asmx</Extensions>
    </Filter>
    <Filter Include="Source Files\Render">
      <UniqueIdentifier>{6b7900c3-c842-4672-9187-80492e325ef6}</UniqueIdentifier>
    </Filter>
    <Filter Include="Shaders">
      <UniqueIdentifier>{485d0753-7261-49e2-9e15-0b17cc5716db}</UniqueIdentifier>
    </Filter>
    <Filter Include="Source Files\imgui">
      <UniqueIdentifier>{558aab02-5790-4d61-800a-68f3626b5926}</UniqueIdentifier>
    </Filter>
    <Filter Include="Source Files\Render\Shader">
      <UniqueIdentifier>{8a2b7021-9153-48ac-949f-e5911ad31cb9}</UniqueIdentifier>
    </Filter>
    <Filter Include="Source Files\Planet">
      <UniqueIdentifier>{fd548ef1-656f-42be-b330-7d0cf898ad8f}</UniqueIdentifier>
    </Filter>
  </ItemGroup>
  <ItemGroup>
    <ClCompile Include="Sources\Render\Texture.cpp">
      <Filter>Source Files\Render</Filter>
    </ClCompile>
    <ClCompile Include="Sources\Render\TextureController.cpp">
      <Filter>Source Files\Render</Filter>
    </ClCompile>
    <ClCompile Include="Sources\Render\Shader.cpp">
      <Filter>Source Files\Render</Filter>
    </ClCompile>
    <ClCompile Include="Sources\Render\ShaderController.cpp">
      <Filter>Source Files\Render</Filter>
    </ClCompile>
    <ClCompile Include="Sources\Render\ShaderProgram.cpp">
      <Filter>Source Files\Render</Filter>
    </ClCompile>
    <ClCompile Include="Sources\Render\RenderController.cpp">
      <Filter>Source Files\Render</Filter>
    </ClCompile>
    <ClCompile Include="Sources\Render\ShaderProgramController.cpp">
      <Filter>Source Files\Render</Filter>
    </ClCompile>
    <ClCompile Include="Sources\Render\VertexArray.cpp">
      <Filter>Source Files\Render</Filter>
    </ClCompile>
    <ClCompile Include="Sources\Render\Framebuffer.cpp">
      <Filter>Source Files\Render</Filter>
    </ClCompile>
    <ClCompile Include="Sources\Render\GBuffer.cpp">
      <Filter>Source Files\Render</Filter>
    </ClCompile>
    <ClCompile Include="Sources\Render\Mesh.cpp">
      <Filter>Source Files\Render</Filter>
    </ClCompile>
    <ClCompile Include="Sources\Render\Model.cpp">
      <Filter>Source Files\Render</Filter>
    </ClCompile>
    <ClCompile Include="Sources\Render\Quad.cpp">
      <Filter>Source Files\Render</Filter>
    </ClCompile>
    <ClCompile Include="Sources\Render\ShaderProgramDeferredLightPass.cpp">
      <Filter>Source Files\Render</Filter>
    </ClCompile>
    <ClCompile Include="Sources\Render\Sphere.cpp">
      <Filter>Source Files\Render</Filter>
    </ClCompile>
    <ClCompile Include="Sources\imgui\imgui.cpp">
      <Filter>Source Files\imgui</Filter>
    </ClCompile>
    <ClCompile Include="Sources\imgui\imgui_demo.cpp">
      <Filter>Source Files\imgui</Filter>
    </ClCompile>
    <ClCompile Include="Sources\imgui\imgui_draw.cpp">
      <Filter>Source Files\imgui</Filter>
    </ClCompile>
    <ClCompile Include="Sources\imgui\imgui_tables.cpp">
      <Filter>Source Files\imgui</Filter>
    </ClCompile>
    <ClCompile Include="Sources\imgui\imgui_widgets.cpp">
      <Filter>Source Files\imgui</Filter>
    </ClCompile>
    <ClCompile Include="Sources\imgui\imgui_impl_glfw.cpp">
      <Filter>Source Files\imgui</Filter>
    </ClCompile>
    <ClCompile Include="Sources\imgui\imgui_impl_opengl3.cpp">
      <Filter>Source Files\imgui</Filter>
    </ClCompile>
    <ClCompile Include="Sources\Render\Camera.cpp">
      <Filter>Source Files\Render</Filter>
    </ClCompile>
    <ClCompile Include="Sources\Aircraft.cpp">
      <Filter>Source Files</Filter>
    </ClCompile>
    <ClCompile Include="Sources\Planet\MercatorTools.cpp">
      <Filter>Source Files\Planet</Filter>
    </ClCompile>
    <ClCompile Include="Sources\Planet\Planet.cpp">
      <Filter>Source Files\Planet</Filter>
    </ClCompile>
    <ClCompile Include="Sources\Planet\PlanetChunk.cpp">
      <Filter>Source Files\Planet</Filter>
    </ClCompile>
    <ClCompile Include="Sources\Render\RenderObject.cpp">
      <Filter>Source Files\Render</Filter>
    </ClCompile>
  </ItemGroup>
  <ItemGroup>
    <ClInclude Include="Sources\Render\TextureController.h">
      <Filter>Source Files\Render</Filter>
    </ClInclude>
    <ClInclude Include="Sources\Render\Shader.h">
      <Filter>Source Files\Render</Filter>
    </ClInclude>
    <ClInclude Include="Sources\Render\ShaderController.h">
      <Filter>Source Files\Render</Filter>
    </ClInclude>
    <ClInclude Include="Sources\Render\ShaderProgram.h">
      <Filter>Source Files\Render</Filter>
    </ClInclude>
    <ClInclude Include="Sources\Render\RenderController.h">
      <Filter>Source Files\Render</Filter>
    </ClInclude>
    <ClInclude Include="Sources\Render\ShaderProgramController.h">
      <Filter>Source Files\Render</Filter>
    </ClInclude>
    <ClInclude Include="Sources\Render\VertexArray.h">
      <Filter>Source Files\Render</Filter>
    </ClInclude>
    <ClInclude Include="Sources\Render\Framebuffer.h">
      <Filter>Source Files\Render</Filter>
    </ClInclude>
    <ClInclude Include="Sources\Render\GBuffer.h">
      <Filter>Source Files\Render</Filter>
    </ClInclude>
    <ClInclude Include="Sources\Render\Mesh.h">
      <Filter>Source Files\Render</Filter>
    </ClInclude>
    <ClInclude Include="Sources\Render\Model.h">
      <Filter>Source Files\Render</Filter>
    </ClInclude>
    <ClInclude Include="Sources\Render\Quad.h">
      <Filter>Source Files\Render</Filter>
    </ClInclude>
    <ClInclude Include="Sources\Render\ShaderProgramDeferredLightPass.h">
      <Filter>Source Files\Render</Filter>
    </ClInclude>
    <ClInclude Include="Sources\Render\Sphere.h">
      <Filter>Source Files\Render</Filter>
    </ClInclude>
    <ClInclude Include="Sources\imgui\imconfig.h">
      <Filter>Source Files\imgui</Filter>
    </ClInclude>
    <ClInclude Include="Sources\imgui\imgui.h">
      <Filter>Source Files\imgui</Filter>
    </ClInclude>
    <ClInclude Include="Sources\imgui\imgui_internal.h">
      <Filter>Source Files\imgui</Filter>
    </ClInclude>
    <ClInclude Include="Sources\imgui\imstb_rectpack.h">
      <Filter>Source Files\imgui</Filter>
    </ClInclude>
    <ClInclude Include="Sources\imgui\imstb_textedit.h">
      <Filter>Source Files\imgui</Filter>
    </ClInclude>
    <ClInclude Include="Sources\imgui\imstb_truetype.h">
      <Filter>Source Files\imgui</Filter>
    </ClInclude>
    <ClInclude Include="Sources\Render\Camera.h">
      <Filter>Source Files\Render</Filter>
    </ClInclude>
    <ClInclude Include="Sources\Render\Texture.h">
      <Filter>Source Files\Render</Filter>
    </ClInclude>
    <ClInclude Include="Sources\Planet\MercatorTools.h">
      <Filter>Source Files\Planet</Filter>
    </ClInclude>
    <ClInclude Include="Sources\Planet\Planet.h">
      <Filter>Source Files\Planet</Filter>
    </ClInclude>
    <ClInclude Include="Sources\Planet\Structs.h">
      <Filter>Source Files\Planet</Filter>
    </ClInclude>
    <ClInclude Include="Sources\Planet\PlanetChunk.h">
      <Filter>Source Files\Planet</Filter>
    </ClInclude>
    <ClInclude Include="Sources\Render\RenderObject.h">
      <Filter>Source Files\Render</Filter>
    </ClInclude>
  </ItemGroup>
  <ItemGroup>
    <None Include="Sources\Shaders\basic.ps">
      <Filter>Source Files\Render\Shader</Filter>
    </None>
    <None Include="Sources\Shaders\basic.vs">
      <Filter>Source Files\Render\Shader</Filter>
    </None>
    <None Include="Sources\Shaders\deferredLightingPass.fs">
      <Filter>Source Files\Render\Shader</Filter>
    </None>
    <None Include="Sources\Shaders\deferredLightingPass.vs">
      <Filter>Source Files\Render\Shader</Filter>
    </None>
    <None Include="Sources\Shaders\gbuffer.fs">
      <Filter>Source Files\Render\Shader</Filter>
    </None>
    <None Include="Sources\Shaders\gbuffer.vs">
      <Filter>Source Files\Render\Shader</Filter>
    </None>
  </ItemGroup>
</Project>